# THIS IS AN AUTOGENERATED FILE. DO NOT EDIT THIS FILE DIRECTLY.
# yarn lockfile v1


lodash@^4.17.21:
  version "4.17.21"
  resolved "https://registry.npm.taobao.org/lodash/download/lodash-4.17.21.tgz#679591c564c3bffaae8454cf0b3df370c3d6911c"
  integrity sha1-Z5WRxWTDv/quhFTPCz3zcMPWkRw=

vue-i18n@^8.23.0:
  version "8.23.0"
  resolved "https://registry.npm.taobao.org/vue-i18n/download/vue-i18n-8.23.0.tgz#4a65681a1dfe716d47e1d00ddbd6e0b88ea36735"
  integrity sha1-SmVoGh3+cW1H4dAN29bguI6jZzU=
